// !$*UTF8*$!
{
	archiveVersion = 1;
	classes = {
	};
	objectVersion = 46;
	objects = {

/* Begin PBXBuildFile section */
		003285FA1CB9A1A600BEB72D /* UserTableViewCell.xib in Resources */ = {isa = PBXBuildFile; fileRef = 003285F91CB9A1A600BEB72D /* UserTableViewCell.xib */; };
		004FD59A1CB7A98D0057CAF7 /* Podfile in Resources */ = {isa = PBXBuildFile; fileRef = 004FD5991CB7A98D0057CAF7 /* Podfile */; };
		006B9C461CBA234D008E6086 /* UserTableViewList.swift in Sources */ = {isa = PBXBuildFile; fileRef = 006B9C451CBA234D008E6086 /* UserTableViewList.swift */; };
		006B9C4B1CBA3EB8008E6086 /* Triangle.swift in Sources */ = {isa = PBXBuildFile; fileRef = 006B9C4A1CBA3EB8008E6086 /* Triangle.swift */; };
		006B9C501CBA41AC008E6086 /* SharedTableViewCellComponents.swift in Sources */ = {isa = PBXBuildFile; fileRef = 006B9C4F1CBA41AC008E6086 /* SharedTableViewCellComponents.swift */; };
		00781FE41CB4C9E200388FC0 /* AppDelegate.swift in Sources */ = {isa = PBXBuildFile; fileRef = 00781FE31CB4C9E200388FC0 /* AppDelegate.swift */; };
		00781FE91CB4C9E200388FC0 /* Main.storyboard in Resources */ = {isa = PBXBuildFile; fileRef = 00781FE71CB4C9E200388FC0 /* Main.storyboard */; };
		00781FEC1CB4C9E200388FC0 /* _0_9_0_App_with_News__Chat__Cart_and_User.xcdatamodeld in Sources */ = {isa = PBXBuildFile; fileRef = 00781FEA1CB4C9E200388FC0 /* _0_9_0_App_with_News__Chat__Cart_and_User.xcdatamodeld */; };
		00781FEE1CB4C9E200388FC0 /* Assets.xcassets in Resources */ = {isa = PBXBuildFile; fileRef = 00781FED1CB4C9E200388FC0 /* Assets.xcassets */; };
		00781FF11CB4C9E200388FC0 /* LaunchScreen.storyboard in Resources */ = {isa = PBXBuildFile; fileRef = 00781FEF1CB4C9E200388FC0 /* LaunchScreen.storyboard */; };
		00781FFC1CB4C9E200388FC0 /* _0_9_0_App_with_News__Chat__Cart_and_UserTests.swift in Sources */ = {isa = PBXBuildFile; fileRef = 00781FFB1CB4C9E200388FC0 /* _0_9_0_App_with_News__Chat__Cart_and_UserTests.swift */; };
		007820071CB4C9E200388FC0 /* _0_9_0_App_with_News__Chat__Cart_and_UserUITests.swift in Sources */ = {isa = PBXBuildFile; fileRef = 007820061CB4C9E200388FC0 /* _0_9_0_App_with_News__Chat__Cart_and_UserUITests.swift */; };
		007820151CB4CA5700388FC0 /* TabBarController.swift in Sources */ = {isa = PBXBuildFile; fileRef = 007820141CB4CA5700388FC0 /* TabBarController.swift */; };
		007820171CB4CA7700388FC0 /* IndexViewController.swift in Sources */ = {isa = PBXBuildFile; fileRef = 007820161CB4CA7700388FC0 /* IndexViewController.swift */; };
		007820191CB4CA9E00388FC0 /* CartViewController.swift in Sources */ = {isa = PBXBuildFile; fileRef = 007820181CB4CA9E00388FC0 /* CartViewController.swift */; };
		0078201B1CB4CB1100388FC0 /* ChatViewController.swift in Sources */ = {isa = PBXBuildFile; fileRef = 0078201A1CB4CB1100388FC0 /* ChatViewController.swift */; };
		0078201D1CB4CBC900388FC0 /* UserViewController.swift in Sources */ = {isa = PBXBuildFile; fileRef = 0078201C1CB4CBC900388FC0 /* UserViewController.swift */; };
		0078201F1CB4CCD800388FC0 /* ShowViewController.swift in Sources */ = {isa = PBXBuildFile; fileRef = 0078201E1CB4CCD800388FC0 /* ShowViewController.swift */; };
		0078202E1CB4D9FC00388FC0 /* Aa.swift in Sources */ = {isa = PBXBuildFile; fileRef = 007820221CB4D9FC00388FC0 /* Aa.swift */; };
		007820301CB4D9FC00388FC0 /* Debug.swift in Sources */ = {isa = PBXBuildFile; fileRef = 007820251CB4D9FC00388FC0 /* Debug.swift */; };
		007820311CB4D9FC00388FC0 /* Size.swift in Sources */ = {isa = PBXBuildFile; fileRef = 007820261CB4D9FC00388FC0 /* Size.swift */; };
		007820321CB4D9FC00388FC0 /* Theme.swift in Sources */ = {isa = PBXBuildFile; fileRef = 007820271CB4D9FC00388FC0 /* Theme.swift */; };
		007820331CB4D9FC00388FC0 /* URL.swift in Sources */ = {isa = PBXBuildFile; fileRef = 007820281CB4D9FC00388FC0 /* URL.swift */; };
		007820341CB4D9FC00388FC0 /* Converter.swift in Sources */ = {isa = PBXBuildFile; fileRef = 007820291CB4D9FC00388FC0 /* Converter.swift */; };
		007820351CB4D9FC00388FC0 /* Notifier.swift in Sources */ = {isa = PBXBuildFile; fileRef = 0078202A1CB4D9FC00388FC0 /* Notifier.swift */; };
		007820361CB4D9FC00388FC0 /* SweetAlert.swift in Sources */ = {isa = PBXBuildFile; fileRef = 0078202C1CB4D9FC00388FC0 /* SweetAlert.swift */; };
		0078203A1CB4DA5300388FC0 /* Assets.swift in Sources */ = {isa = PBXBuildFile; fileRef = 007820391CB4DA5300388FC0 /* Assets.swift */; };
		00975DB51CB6051F00239075 /* IndexNavigationController.swift in Sources */ = {isa = PBXBuildFile; fileRef = 00975DB41CB6051F00239075 /* IndexNavigationController.swift */; };
		00975DB71CB6083D00239075 /* UserNavigationController.swift in Sources */ = {isa = PBXBuildFile; fileRef = 00975DB61CB6083D00239075 /* UserNavigationController.swift */; };
		00975DB91CB64FC600239075 /* UserTableViewController.swift in Sources */ = {isa = PBXBuildFile; fileRef = 00975DB81CB64FC600239075 /* UserTableViewController.swift */; };
		00975DBB1CB6504100239075 /* UserTableViewCell.swift in Sources */ = {isa = PBXBuildFile; fileRef = 00975DBA1CB6504100239075 /* UserTableViewCell.swift */; };
		00975DC01CB654F600239075 /* IndexTestViewController.swift in Sources */ = {isa = PBXBuildFile; fileRef = 00975DBF1CB654F600239075 /* IndexTestViewController.swift */; };
		00975DCC1CB65F3600239075 /* AaRatingControlEmptyStar.png in Resources */ = {isa = PBXBuildFile; fileRef = 00975DCA1CB65F3600239075 /* AaRatingControlEmptyStar.png */; };
		00975DCD1CB65F3600239075 /* AaRatingControlFilledStar.png in Resources */ = {isa = PBXBuildFile; fileRef = 00975DCB1CB65F3600239075 /* AaRatingControlFilledStar.png */; };
		00975DD01CB6602C00239075 /* RatingControlView.swift in Sources */ = {isa = PBXBuildFile; fileRef = 00975DCF1CB6602C00239075 /* RatingControlView.swift */; };
		00EC9C6F1CB5707A00573E7A /* Conf.swift in Sources */ = {isa = PBXBuildFile; fileRef = 00EC9C6E1CB5707A00573E7A /* Conf.swift */; };
		00EC9C711CB5772800573E7A /* UserSignInViewController.swift in Sources */ = {isa = PBXBuildFile; fileRef = 00EC9C701CB5772800573E7A /* UserSignInViewController.swift */; };
		00EC9C731CB57F0500573E7A /* UserSignUpViewController.swift in Sources */ = {isa = PBXBuildFile; fileRef = 00EC9C721CB57F0500573E7A /* UserSignUpViewController.swift */; };
/* End PBXBuildFile section */

/* Begin PBXContainerItemProxy section */
		00781FF81CB4C9E200388FC0 /* PBXContainerItemProxy */ = {
			isa = PBXContainerItemProxy;
			containerPortal = 00781FD81CB4C9E200388FC0 /* Project object */;
			proxyType = 1;
			remoteGlobalIDString = 00781FDF1CB4C9E200388FC0;
			remoteInfo = "10.9.0 App with News, Chat, Cart and User";
		};
		007820031CB4C9E200388FC0 /* PBXContainerItemProxy */ = {
			isa = PBXContainerItemProxy;
			containerPortal = 00781FD81CB4C9E200388FC0 /* Project object */;
			proxyType = 1;
			remoteGlobalIDString = 00781FDF1CB4C9E200388FC0;
			remoteInfo = "10.9.0 App with News, Chat, Cart and User";
		};
/* End PBXContainerItemProxy section */

/* Begin PBXFileReference section */
		003285F91CB9A1A600BEB72D /* UserTableViewCell.xib */ = {isa = PBXFileReference; fileEncoding = 4; lastKnownFileType = file.xib; path = UserTableViewCell.xib; sourceTree = "<group>"; };
		004FD5991CB7A98D0057CAF7 /* Podfile */ = {isa = PBXFileReference; fileEncoding = 4; lastKnownFileType = text; path = Podfile; sourceTree = "<group>"; };
		006B9C451CBA234D008E6086 /* UserTableViewList.swift */ = {isa = PBXFileReference; fileEncoding = 4; lastKnownFileType = sourcecode.swift; path = UserTableViewList.swift; sourceTree = "<group>"; };
		006B9C4A1CBA3EB8008E6086 /* Triangle.swift */ = {isa = PBXFileReference; fileEncoding = 4; lastKnownFileType = sourcecode.swift; path = Triangle.swift; sourceTree = "<group>"; };
		006B9C4F1CBA41AC008E6086 /* SharedTableViewCellComponents.swift */ = {isa = PBXFileReference; fileEncoding = 4; lastKnownFileType = sourcecode.swift; path = SharedTableViewCellComponents.swift; sourceTree = "<group>"; };
		00781FE01CB4C9E200388FC0 /* 10.9.0 App with News, Chat, Cart and User.app */ = {isa = PBXFileReference; explicitFileType = wrapper.application; includeInIndex = 0; path = "10.9.0 App with News, Chat, Cart and User.app"; sourceTree = BUILT_PRODUCTS_DIR; };
		00781FE31CB4C9E200388FC0 /* AppDelegate.swift */ = {isa = PBXFileReference; lastKnownFileType = sourcecode.swift; path = AppDelegate.swift; sourceTree = "<group>"; };
		00781FE81CB4C9E200388FC0 /* Base */ = {isa = PBXFileReference; lastKnownFileType = file.storyboard; name = Base; path = Base.lproj/Main.storyboard; sourceTree = "<group>"; };
		00781FEB1CB4C9E200388FC0 /* _0_9_0_App_with_News__Chat__Cart_and_User.xcdatamodel */ = {isa = PBXFileReference; lastKnownFileType = wrapper.xcdatamodel; path = _0_9_0_App_with_News__Chat__Cart_and_User.xcdatamodel; sourceTree = "<group>"; };
		00781FED1CB4C9E200388FC0 /* Assets.xcassets */ = {isa = PBXFileReference; lastKnownFileType = folder.assetcatalog; path = Assets.xcassets; sourceTree = "<group>"; };
		00781FF01CB4C9E200388FC0 /* Base */ = {isa = PBXFileReference; lastKnownFileType = file.storyboard; name = Base; path = Base.lproj/LaunchScreen.storyboard; sourceTree = "<group>"; };
		00781FF21CB4C9E200388FC0 /* Info.plist */ = {isa = PBXFileReference; lastKnownFileType = text.plist.xml; path = Info.plist; sourceTree = "<group>"; };
		00781FF71CB4C9E200388FC0 /* 10.9.0 App with News, Chat, Cart and UserTests.xctest */ = {isa = PBXFileReference; explicitFileType = wrapper.cfbundle; includeInIndex = 0; path = "10.9.0 App with News, Chat, Cart and UserTests.xctest"; sourceTree = BUILT_PRODUCTS_DIR; };
		00781FFB1CB4C9E200388FC0 /* _0_9_0_App_with_News__Chat__Cart_and_UserTests.swift */ = {isa = PBXFileReference; lastKnownFileType = sourcecode.swift; path = _0_9_0_App_with_News__Chat__Cart_and_UserTests.swift; sourceTree = "<group>"; };
		00781FFD1CB4C9E200388FC0 /* Info.plist */ = {isa = PBXFileReference; lastKnownFileType = text.plist.xml; path = Info.plist; sourceTree = "<group>"; };
		007820021CB4C9E200388FC0 /* 10.9.0 App with News, Chat, Cart and UserUITests.xctest */ = {isa = PBXFileReference; explicitFileType = wrapper.cfbundle; includeInIndex = 0; path = "10.9.0 App with News, Chat, Cart and UserUITests.xctest"; sourceTree = BUILT_PRODUCTS_DIR; };
		007820061CB4C9E200388FC0 /* _0_9_0_App_with_News__Chat__Cart_and_UserUITests.swift */ = {isa = PBXFileReference; lastKnownFileType = sourcecode.swift; path = _0_9_0_App_with_News__Chat__Cart_and_UserUITests.swift; sourceTree = "<group>"; };
		007820081CB4C9E200388FC0 /* Info.plist */ = {isa = PBXFileReference; lastKnownFileType = text.plist.xml; path = Info.plist; sourceTree = "<group>"; };
		007820141CB4CA5700388FC0 /* TabBarController.swift */ = {isa = PBXFileReference; fileEncoding = 4; lastKnownFileType = sourcecode.swift; path = TabBarController.swift; sourceTree = "<group>"; };
		007820161CB4CA7700388FC0 /* IndexViewController.swift */ = {isa = PBXFileReference; fileEncoding = 4; lastKnownFileType = sourcecode.swift; path = IndexViewController.swift; sourceTree = "<group>"; };
		007820181CB4CA9E00388FC0 /* CartViewController.swift */ = {isa = PBXFileReference; fileEncoding = 4; lastKnownFileType = sourcecode.swift; path = CartViewController.swift; sourceTree = "<group>"; };
		0078201A1CB4CB1100388FC0 /* ChatViewController.swift */ = {isa = PBXFileReference; fileEncoding = 4; lastKnownFileType = sourcecode.swift; path = ChatViewController.swift; sourceTree = "<group>"; };
		0078201C1CB4CBC900388FC0 /* UserViewController.swift */ = {isa = PBXFileReference; fileEncoding = 4; lastKnownFileType = sourcecode.swift; path = UserViewController.swift; sourceTree = "<group>"; };
		0078201E1CB4CCD800388FC0 /* ShowViewController.swift */ = {isa = PBXFileReference; fileEncoding = 4; lastKnownFileType = sourcecode.swift; path = ShowViewController.swift; sourceTree = "<group>"; };
		007820221CB4D9FC00388FC0 /* Aa.swift */ = {isa = PBXFileReference; fileEncoding = 4; lastKnownFileType = sourcecode.swift; path = Aa.swift; sourceTree = "<group>"; };
		007820251CB4D9FC00388FC0 /* Debug.swift */ = {isa = PBXFileReference; fileEncoding = 4; lastKnownFileType = sourcecode.swift; path = Debug.swift; sourceTree = "<group>"; };
		007820261CB4D9FC00388FC0 /* Size.swift */ = {isa = PBXFileReference; fileEncoding = 4; lastKnownFileType = sourcecode.swift; path = Size.swift; sourceTree = "<group>"; };
		007820271CB4D9FC00388FC0 /* Theme.swift */ = {isa = PBXFileReference; fileEncoding = 4; lastKnownFileType = sourcecode.swift; path = Theme.swift; sourceTree = "<group>"; };
		007820281CB4D9FC00388FC0 /* URL.swift */ = {isa = PBXFileReference; fileEncoding = 4; lastKnownFileType = sourcecode.swift; path = URL.swift; sourceTree = "<group>"; };
		007820291CB4D9FC00388FC0 /* Converter.swift */ = {isa = PBXFileReference; fileEncoding = 4; lastKnownFileType = sourcecode.swift; path = Converter.swift; sourceTree = "<group>"; };
		0078202A1CB4D9FC00388FC0 /* Notifier.swift */ = {isa = PBXFileReference; fileEncoding = 4; lastKnownFileType = sourcecode.swift; path = Notifier.swift; sourceTree = "<group>"; };
		0078202C1CB4D9FC00388FC0 /* SweetAlert.swift */ = {isa = PBXFileReference; fileEncoding = 4; lastKnownFileType = sourcecode.swift; path = SweetAlert.swift; sourceTree = "<group>"; };
		007820391CB4DA5300388FC0 /* Assets.swift */ = {isa = PBXFileReference; fileEncoding = 4; lastKnownFileType = sourcecode.swift; name = Assets.swift; path = "10.9.0 App with News, Chat, Cart and User/AaSwift/Assets.swift"; sourceTree = SOURCE_ROOT; };
		00975DB41CB6051F00239075 /* IndexNavigationController.swift */ = {isa = PBXFileReference; fileEncoding = 4; lastKnownFileType = sourcecode.swift; path = IndexNavigationController.swift; sourceTree = "<group>"; };
		00975DB61CB6083D00239075 /* UserNavigationController.swift */ = {isa = PBXFileReference; fileEncoding = 4; lastKnownFileType = sourcecode.swift; path = UserNavigationController.swift; sourceTree = "<group>"; };
		00975DB81CB64FC600239075 /* UserTableViewController.swift */ = {isa = PBXFileReference; fileEncoding = 4; lastKnownFileType = sourcecode.swift; path = UserTableViewController.swift; sourceTree = "<group>"; };
		00975DBA1CB6504100239075 /* UserTableViewCell.swift */ = {isa = PBXFileReference; fileEncoding = 4; lastKnownFileType = sourcecode.swift; path = UserTableViewCell.swift; sourceTree = "<group>"; };
		00975DBF1CB654F600239075 /* IndexTestViewController.swift */ = {isa = PBXFileReference; fileEncoding = 4; lastKnownFileType = sourcecode.swift; path = IndexTestViewController.swift; sourceTree = "<group>"; };
		00975DCA1CB65F3600239075 /* AaRatingControlEmptyStar.png */ = {isa = PBXFileReference; lastKnownFileType = image.png; path = AaRatingControlEmptyStar.png; sourceTree = "<group>"; };
		00975DCB1CB65F3600239075 /* AaRatingControlFilledStar.png */ = {isa = PBXFileReference; lastKnownFileType = image.png; path = AaRatingControlFilledStar.png; sourceTree = "<group>"; };
		00975DCF1CB6602C00239075 /* RatingControlView.swift */ = {isa = PBXFileReference; fileEncoding = 4; lastKnownFileType = sourcecode.swift; path = RatingControlView.swift; sourceTree = "<group>"; };
		00EC9C6E1CB5707A00573E7A /* Conf.swift */ = {isa = PBXFileReference; fileEncoding = 4; lastKnownFileType = sourcecode.swift; path = Conf.swift; sourceTree = "<group>"; };
		00EC9C701CB5772800573E7A /* UserSignInViewController.swift */ = {isa = PBXFileReference; fileEncoding = 4; lastKnownFileType = sourcecode.swift; path = UserSignInViewController.swift; sourceTree = "<group>"; };
		00EC9C721CB57F0500573E7A /* UserSignUpViewController.swift */ = {isa = PBXFileReference; fileEncoding = 4; lastKnownFileType = sourcecode.swift; path = UserSignUpViewController.swift; sourceTree = "<group>"; };
/* End PBXFileReference section */

/* Begin PBXFrameworksBuildPhase section */
		00781FDD1CB4C9E200388FC0 /* Frameworks */ = {
			isa = PBXFrameworksBuildPhase;
			buildActionMask = 2147483647;
			files = (
			);
			runOnlyForDeploymentPostprocessing = 0;
		};
		00781FF41CB4C9E200388FC0 /* Frameworks */ = {
			isa = PBXFrameworksBuildPhase;
			buildActionMask = 2147483647;
			files = (
			);
			runOnlyForDeploymentPostprocessing = 0;
		};
		00781FFF1CB4C9E200388FC0 /* Frameworks */ = {
			isa = PBXFrameworksBuildPhase;
			buildActionMask = 2147483647;
			files = (
			);
			runOnlyForDeploymentPostprocessing = 0;
		};
/* End PBXFrameworksBuildPhase section */

/* Begin PBXGroup section */
		006B9C421CBA220E008E6086 /* User */ = {
			isa = PBXGroup;
			children = (
				006B9C451CBA234D008E6086 /* UserTableViewList.swift */,
			);
			name = User;
			sourceTree = "<group>";
		};
		006B9C491CBA3E34008E6086 /* Icons */ = {
			isa = PBXGroup;
			children = (
				006B9C4A1CBA3EB8008E6086 /* Triangle.swift */,
			);
			name = Icons;
			sourceTree = "<group>";
		};
		006B9C4C1CBA3EF2008E6086 /* Shared */ = {
			isa = PBXGroup;
			children = (
				006B9C4F1CBA41AC008E6086 /* SharedTableViewCellComponents.swift */,
			);
			name = Shared;
			sourceTree = "<group>";
		};
		00781FD71CB4C9E200388FC0 = {
			isa = PBXGroup;
			children = (
				004FD5991CB7A98D0057CAF7 /* Podfile */,
				00781FE21CB4C9E200388FC0 /* 10.9.0 App with News, Chat, Cart and User */,
				00781FFA1CB4C9E200388FC0 /* 10.9.0 App with News, Chat, Cart and UserTests */,
				007820051CB4C9E200388FC0 /* 10.9.0 App with News, Chat, Cart and UserUITests */,
				00781FE11CB4C9E200388FC0 /* Products */,
			);
			sourceTree = "<group>";
		};
		00781FE11CB4C9E200388FC0 /* Products */ = {
			isa = PBXGroup;
			children = (
				00781FE01CB4C9E200388FC0 /* 10.9.0 App with News, Chat, Cart and User.app */,
				00781FF71CB4C9E200388FC0 /* 10.9.0 App with News, Chat, Cart and UserTests.xctest */,
				007820021CB4C9E200388FC0 /* 10.9.0 App with News, Chat, Cart and UserUITests.xctest */,
			);
			name = Products;
			sourceTree = "<group>";
		};
		00781FE21CB4C9E200388FC0 /* 10.9.0 App with News, Chat, Cart and User */ = {
			isa = PBXGroup;
			children = (
				00975DBE1CB651D400239075 /* View */,
				00975DBD1CB651CF00239075 /* Controller */,
				00975DBC1CB651C500239075 /* Model */,
				007820201CB4D9FC00388FC0 /* AaSwift */,
				00781FE31CB4C9E200388FC0 /* AppDelegate.swift */,
				00781FE71CB4C9E200388FC0 /* Main.storyboard */,
				00781FED1CB4C9E200388FC0 /* Assets.xcassets */,
				00781FEF1CB4C9E200388FC0 /* LaunchScreen.storyboard */,
				00781FF21CB4C9E200388FC0 /* Info.plist */,
				00781FEA1CB4C9E200388FC0 /* _0_9_0_App_with_News__Chat__Cart_and_User.xcdatamodeld */,
			);
			path = "10.9.0 App with News, Chat, Cart and User";
			sourceTree = "<group>";
		};
		00781FFA1CB4C9E200388FC0 /* 10.9.0 App with News, Chat, Cart and UserTests */ = {
			isa = PBXGroup;
			children = (
				00781FFB1CB4C9E200388FC0 /* _0_9_0_App_with_News__Chat__Cart_and_UserTests.swift */,
				00781FFD1CB4C9E200388FC0 /* Info.plist */,
			);
			path = "10.9.0 App with News, Chat, Cart and UserTests";
			sourceTree = "<group>";
		};
		007820051CB4C9E200388FC0 /* 10.9.0 App with News, Chat, Cart and UserUITests */ = {
			isa = PBXGroup;
			children = (
				007820061CB4C9E200388FC0 /* _0_9_0_App_with_News__Chat__Cart_and_UserUITests.swift */,
				007820081CB4C9E200388FC0 /* Info.plist */,
			);
			path = "10.9.0 App with News, Chat, Cart and UserUITests";
			sourceTree = "<group>";
		};
		007820201CB4D9FC00388FC0 /* AaSwift */ = {
			isa = PBXGroup;
			children = (
				00975DCE1CB6602C00239075 /* Components */,
				00975DC91CB65F3600239075 /* Resources */,
				007820211CB4D9FC00388FC0 /* Aa */,
			);
			path = AaSwift;
			sourceTree = "<group>";
		};
		007820211CB4D9FC00388FC0 /* Aa */ = {
			isa = PBXGroup;
			children = (
				00EC9C6D1CB5707A00573E7A /* AbIf */,
				007820221CB4D9FC00388FC0 /* Aa.swift */,
				007820231CB4D9FC00388FC0 /* Conf */,
				007820291CB4D9FC00388FC0 /* Converter.swift */,
				0078202A1CB4D9FC00388FC0 /* Notifier.swift */,
				0078202B1CB4D9FC00388FC0 /* ThirdParties */,
			);
			path = Aa;
			sourceTree = "<group>";
		};
		007820231CB4D9FC00388FC0 /* Conf */ = {
			isa = PBXGroup;
			children = (
				007820381CB4DA1D00388FC0 /* AutoGenerated */,
				007820251CB4D9FC00388FC0 /* Debug.swift */,
				007820261CB4D9FC00388FC0 /* Size.swift */,
				007820271CB4D9FC00388FC0 /* Theme.swift */,
			);
			path = Conf;
			sourceTree = "<group>";
		};
		0078202B1CB4D9FC00388FC0 /* ThirdParties */ = {
			isa = PBXGroup;
			children = (
				0078202C1CB4D9FC00388FC0 /* SweetAlert.swift */,
			);
			path = ThirdParties;
			sourceTree = "<group>";
		};
		007820381CB4DA1D00388FC0 /* AutoGenerated */ = {
			isa = PBXGroup;
			children = (
				007820281CB4D9FC00388FC0 /* URL.swift */,
				007820391CB4DA5300388FC0 /* Assets.swift */,
			);
			name = AutoGenerated;
			sourceTree = "<group>";
		};
		00975DBC1CB651C500239075 /* Model */ = {
			isa = PBXGroup;
			children = (
				006B9C421CBA220E008E6086 /* User */,
			);
			name = Model;
			sourceTree = "<group>";
		};
		00975DBD1CB651CF00239075 /* Controller */ = {
			isa = PBXGroup;
			children = (
				007820141CB4CA5700388FC0 /* TabBarController.swift */,
				00975DC51CB6595800239075 /* Cart */,
				00975DC41CB6594F00239075 /* Chat */,
				00975DC31CB6594000239075 /* Show */,
				00975DC21CB6590A00239075 /* User */,
				00975DC11CB6590500239075 /* Index */,
			);
			name = Controller;
			sourceTree = "<group>";
		};
		00975DBE1CB651D400239075 /* View */ = {
			isa = PBXGroup;
			children = (
				006B9C4C1CBA3EF2008E6086 /* Shared */,
			);
			name = View;
			sourceTree = "<group>";
		};
		00975DC11CB6590500239075 /* Index */ = {
			isa = PBXGroup;
			children = (
				007820161CB4CA7700388FC0 /* IndexViewController.swift */,
				00975DBF1CB654F600239075 /* IndexTestViewController.swift */,
				00975DB41CB6051F00239075 /* IndexNavigationController.swift */,
			);
			name = Index;
			sourceTree = "<group>";
		};
		00975DC21CB6590A00239075 /* User */ = {
			isa = PBXGroup;
			children = (
				00975DB61CB6083D00239075 /* UserNavigationController.swift */,
				00EC9C721CB57F0500573E7A /* UserSignUpViewController.swift */,
				00975DBA1CB6504100239075 /* UserTableViewCell.swift */,
				003285F91CB9A1A600BEB72D /* UserTableViewCell.xib */,
				00975DB81CB64FC600239075 /* UserTableViewController.swift */,
				00EC9C701CB5772800573E7A /* UserSignInViewController.swift */,
				0078201C1CB4CBC900388FC0 /* UserViewController.swift */,
			);
			name = User;
			sourceTree = "<group>";
		};
		00975DC31CB6594000239075 /* Show */ = {
			isa = PBXGroup;
			children = (
				0078201E1CB4CCD800388FC0 /* ShowViewController.swift */,
			);
			name = Show;
			sourceTree = "<group>";
		};
		00975DC41CB6594F00239075 /* Chat */ = {
			isa = PBXGroup;
			children = (
				0078201A1CB4CB1100388FC0 /* ChatViewController.swift */,
			);
			name = Chat;
			sourceTree = "<group>";
		};
		00975DC51CB6595800239075 /* Cart */ = {
			isa = PBXGroup;
			children = (
				007820181CB4CA9E00388FC0 /* CartViewController.swift */,
			);
			name = Cart;
			sourceTree = "<group>";
		};
		00975DC91CB65F3600239075 /* Resources */ = {
			isa = PBXGroup;
			children = (
				00975DD11CB6603D00239075 /* Components */,
			);
			path = Resources;
			sourceTree = "<group>";
		};
		00975DCE1CB6602C00239075 /* Components */ = {
			isa = PBXGroup;
			children = (
				006B9C491CBA3E34008E6086 /* Icons */,
				00975DCF1CB6602C00239075 /* RatingControlView.swift */,
			);
			path = Components;
			sourceTree = "<group>";
		};
		00975DD11CB6603D00239075 /* Components */ = {
			isa = PBXGroup;
			children = (
				00975DCA1CB65F3600239075 /* AaRatingControlEmptyStar.png */,
				00975DCB1CB65F3600239075 /* AaRatingControlFilledStar.png */,
			);
			name = Components;
			sourceTree = "<group>";
		};
		00EC9C6D1CB5707A00573E7A /* AbIf */ = {
			isa = PBXGroup;
			children = (
				00EC9C6E1CB5707A00573E7A /* Conf.swift */,
			);
			path = AbIf;
			sourceTree = "<group>";
		};
/* End PBXGroup section */

/* Begin PBXNativeTarget section */
		00781FDF1CB4C9E200388FC0 /* 10.9.0 App with News, Chat, Cart and User */ = {
			isa = PBXNativeTarget;
			buildConfigurationList = 0078200B1CB4C9E200388FC0 /* Build configuration list for PBXNativeTarget "10.9.0 App with News, Chat, Cart and User" */;
			buildPhases = (
				00781FDC1CB4C9E200388FC0 /* Sources */,
				00781FDD1CB4C9E200388FC0 /* Frameworks */,
				00781FDE1CB4C9E200388FC0 /* Resources */,
			);
			buildRules = (
			);
			dependencies = (
			);
			name = "10.9.0 App with News, Chat, Cart and User";
			productName = "10.9.0 App with News, Chat, Cart and User";
			productReference = 00781FE01CB4C9E200388FC0 /* 10.9.0 App with News, Chat, Cart and User.app */;
			productType = "com.apple.product-type.application";
		};
		00781FF61CB4C9E200388FC0 /* 10.9.0 App with News, Chat, Cart and UserTests */ = {
			isa = PBXNativeTarget;
			buildConfigurationList = 0078200E1CB4C9E200388FC0 /* Build configuration list for PBXNativeTarget "10.9.0 App with News, Chat, Cart and UserTests" */;
			buildPhases = (
				00781FF31CB4C9E200388FC0 /* Sources */,
				00781FF41CB4C9E200388FC0 /* Frameworks */,
				00781FF51CB4C9E200388FC0 /* Resources */,
			);
			buildRules = (
			);
			dependencies = (
				00781FF91CB4C9E200388FC0 /* PBXTargetDependency */,
			);
			name = "10.9.0 App with News, Chat, Cart and UserTests";
			productName = "10.9.0 App with News, Chat, Cart and UserTests";
			productReference = 00781FF71CB4C9E200388FC0 /* 10.9.0 App with News, Chat, Cart and UserTests.xctest */;
			productType = "com.apple.product-type.bundle.unit-test";
		};
		007820011CB4C9E200388FC0 /* 10.9.0 App with News, Chat, Cart and UserUITests */ = {
			isa = PBXNativeTarget;
			buildConfigurationList = 007820111CB4C9E200388FC0 /* Build configuration list for PBXNativeTarget "10.9.0 App with News, Chat, Cart and UserUITests" */;
			buildPhases = (
				00781FFE1CB4C9E200388FC0 /* Sources */,
				00781FFF1CB4C9E200388FC0 /* Frameworks */,
				007820001CB4C9E200388FC0 /* Resources */,
			);
			buildRules = (
			);
			dependencies = (
				007820041CB4C9E200388FC0 /* PBXTargetDependency */,
			);
			name = "10.9.0 App with News, Chat, Cart and UserUITests";
			productName = "10.9.0 App with News, Chat, Cart and UserUITests";
			productReference = 007820021CB4C9E200388FC0 /* 10.9.0 App with News, Chat, Cart and UserUITests.xctest */;
			productType = "com.apple.product-type.bundle.ui-testing";
		};
/* End PBXNativeTarget section */

/* Begin PBXProject section */
		00781FD81CB4C9E200388FC0 /* Project object */ = {
			isa = PBXProject;
			attributes = {
				LastSwiftUpdateCheck = 0730;
				LastUpgradeCheck = 0730;
				ORGANIZATIONNAME = Luexu.com;
				TargetAttributes = {
					00781FDF1CB4C9E200388FC0 = {
						CreatedOnToolsVersion = 7.3;
						DevelopmentTeam = KVG29SQ92N;
					};
					00781FF61CB4C9E200388FC0 = {
						CreatedOnToolsVersion = 7.3;
						DevelopmentTeam = KVG29SQ92N;
						TestTargetID = 00781FDF1CB4C9E200388FC0;
					};
					007820011CB4C9E200388FC0 = {
						CreatedOnToolsVersion = 7.3;
						DevelopmentTeam = KVG29SQ92N;
						TestTargetID = 00781FDF1CB4C9E200388FC0;
					};
				};
			};
			buildConfigurationList = 00781FDB1CB4C9E200388FC0 /* Build configuration list for PBXProject "10.9.0 App with News, Chat, Cart and User" */;
			compatibilityVersion = "Xcode 3.2";
			developmentRegion = English;
			hasScannedForEncodings = 0;
			knownRegions = (
				en,
				Base,
			);
			mainGroup = 00781FD71CB4C9E200388FC0;
			productRefGroup = 00781FE11CB4C9E200388FC0 /* Products */;
			projectDirPath = "";
			projectRoot = "";
			targets = (
				00781FDF1CB4C9E200388FC0 /* 10.9.0 App with News, Chat, Cart and User */,
				00781FF61CB4C9E200388FC0 /* 10.9.0 App with News, Chat, Cart and UserTests */,
				007820011CB4C9E200388FC0 /* 10.9.0 App with News, Chat, Cart and UserUITests */,
			);
		};
/* End PBXProject section */

/* Begin PBXResourcesBuildPhase section */
		00781FDE1CB4C9E200388FC0 /* Resources */ = {
			isa = PBXResourcesBuildPhase;
			buildActionMask = 2147483647;
			files = (
				004FD59A1CB7A98D0057CAF7 /* Podfile in Resources */,
				00975DCC1CB65F3600239075 /* AaRatingControlEmptyStar.png in Resources */,
				00975DCD1CB65F3600239075 /* AaRatingControlFilledStar.png in Resources */,
				003285FA1CB9A1A600BEB72D /* UserTableViewCell.xib in Resources */,
				00781FF11CB4C9E200388FC0 /* LaunchScreen.storyboard in Resources */,
				00781FEE1CB4C9E200388FC0 /* Assets.xcassets in Resources */,
				00781FE91CB4C9E200388FC0 /* Main.storyboard in Resources */,
			);
			runOnlyForDeploymentPostprocessing = 0;
		};
		00781FF51CB4C9E200388FC0 /* Resources */ = {
			isa = PBXResourcesBuildPhase;
			buildActionMask = 2147483647;
			files = (
			);
			runOnlyForDeploymentPostprocessing = 0;
		};
		007820001CB4C9E200388FC0 /* Resources */ = {
			isa = PBXResourcesBuildPhase;
			buildActionMask = 2147483647;
			files = (
			);
			runOnlyForDeploymentPostprocessing = 0;
		};
/* End PBXResourcesBuildPhase section */

/* Begin PBXSourcesBuildPhase section */
		00781FDC1CB4C9E200388FC0 /* Sources */ = {
			isa = PBXSourcesBuildPhase;
			buildActionMask = 2147483647;
			files = (
				0078201D1CB4CBC900388FC0 /* UserViewController.swift in Sources */,
				007820151CB4CA5700388FC0 /* TabBarController.swift in Sources */,
				007820301CB4D9FC00388FC0 /* Debug.swift in Sources */,
				007820331CB4D9FC00388FC0 /* URL.swift in Sources */,
				00975DBB1CB6504100239075 /* UserTableViewCell.swift in Sources */,
				00EC9C6F1CB5707A00573E7A /* Conf.swift in Sources */,
				007820361CB4D9FC00388FC0 /* SweetAlert.swift in Sources */,
				007820341CB4D9FC00388FC0 /* Converter.swift in Sources */,
				0078202E1CB4D9FC00388FC0 /* Aa.swift in Sources */,
				00975DB71CB6083D00239075 /* UserNavigationController.swift in Sources */,
				007820321CB4D9FC00388FC0 /* Theme.swift in Sources */,
				00975DC01CB654F600239075 /* IndexTestViewController.swift in Sources */,
				00EC9C731CB57F0500573E7A /* UserSignUpViewController.swift in Sources */,
				0078203A1CB4DA5300388FC0 /* Assets.swift in Sources */,
				007820311CB4D9FC00388FC0 /* Size.swift in Sources */,
				00975DD01CB6602C00239075 /* RatingControlView.swift in Sources */,
				006B9C461CBA234D008E6086 /* UserTableViewList.swift in Sources */,
				006B9C501CBA41AC008E6086 /* SharedTableViewCellComponents.swift in Sources */,
				007820351CB4D9FC00388FC0 /* Notifier.swift in Sources */,
				00975DB51CB6051F00239075 /* IndexNavigationController.swift in Sources */,
				006B9C4B1CBA3EB8008E6086 /* Triangle.swift in Sources */,
				00EC9C711CB5772800573E7A /* UserSignInViewController.swift in Sources */,
				00781FEC1CB4C9E200388FC0 /* _0_9_0_App_with_News__Chat__Cart_and_User.xcdatamodeld in Sources */,
				0078201F1CB4CCD800388FC0 /* ShowViewController.swift in Sources */,
				007820191CB4CA9E00388FC0 /* CartViewController.swift in Sources */,
				00975DB91CB64FC600239075 /* UserTableViewController.swift in Sources */,
				00781FE41CB4C9E200388FC0 /* AppDelegate.swift in Sources */,
				0078201B1CB4CB1100388FC0 /* ChatViewController.swift in Sources */,
				007820171CB4CA7700388FC0 /* IndexViewController.swift in Sources */,
			);
			runOnlyForDeploymentPostprocessing = 0;
		};
		00781FF31CB4C9E200388FC0 /* Sources */ = {
			isa = PBXSourcesBuildPhase;
			buildActionMask = 2147483647;
			files = (
				00781FFC1CB4C9E200388FC0 /* _0_9_0_App_with_News__Chat__Cart_and_UserTests.swift in Sources */,
			);
			runOnlyForDeploymentPostprocessing = 0;
		};
		00781FFE1CB4C9E200388FC0 /* Sources */ = {
			isa = PBXSourcesBuildPhase;
			buildActionMask = 2147483647;
			files = (
				007820071CB4C9E200388FC0 /* _0_9_0_App_with_News__Chat__Cart_and_UserUITests.swift in Sources */,
			);
			runOnlyForDeploymentPostprocessing = 0;
		};
/* End PBXSourcesBuildPhase section */

/* Begin PBXTargetDependency section */
		00781FF91CB4C9E200388FC0 /* PBXTargetDependency */ = {
			isa = PBXTargetDependency;
			target = 00781FDF1CB4C9E200388FC0 /* 10.9.0 App with News, Chat, Cart and User */;
			targetProxy = 00781FF81CB4C9E200388FC0 /* PBXContainerItemProxy */;
		};
		007820041CB4C9E200388FC0 /* PBXTargetDependency */ = {
			isa = PBXTargetDependency;
			target = 00781FDF1CB4C9E200388FC0 /* 10.9.0 App with News, Chat, Cart and User */;
			targetProxy = 007820031CB4C9E200388FC0 /* PBXContainerItemProxy */;
		};
/* End PBXTargetDependency section */

/* Begin PBXVariantGroup section */
		00781FE71CB4C9E200388FC0 /* Main.storyboard */ = {
			isa = PBXVariantGroup;
			children = (
				00781FE81CB4C9E200388FC0 /* Base */,
			);
			name = Main.storyboard;
			sourceTree = "<group>";
		};
		00781FEF1CB4C9E200388FC0 /* LaunchScreen.storyboard */ = {
			isa = PBXVariantGroup;
			children = (
				00781FF01CB4C9E200388FC0 /* Base */,
			);
			name = LaunchScreen.storyboard;
			sourceTree = "<group>";
		};
/* End PBXVariantGroup section */

/* Begin XCBuildConfiguration section */
		007820091CB4C9E200388FC0 /* Debug */ = {
			isa = XCBuildConfiguration;
			buildSettings = {
				ALWAYS_SEARCH_USER_PATHS = NO;
				CLANG_ANALYZER_NONNULL = YES;
				CLANG_CXX_LANGUAGE_STANDARD = "gnu++0x";
				CLANG_CXX_LIBRARY = "libc++";
				CLANG_ENABLE_MODULES = YES;
				CLANG_ENABLE_OBJC_ARC = YES;
				CLANG_WARN_BOOL_CONVERSION = YES;
				CLANG_WARN_CONSTANT_CONVERSION = YES;
				CLANG_WARN_DIRECT_OBJC_ISA_USAGE = YES_ERROR;
				CLANG_WARN_EMPTY_BODY = YES;
				CLANG_WARN_ENUM_CONVERSION = YES;
				CLANG_WARN_INT_CONVERSION = YES;
				CLANG_WARN_OBJC_ROOT_CLASS = YES_ERROR;
				CLANG_WARN_UNREACHABLE_CODE = YES;
				CLANG_WARN__DUPLICATE_METHOD_MATCH = YES;
				"CODE_SIGN_IDENTITY[sdk=iphoneos*]" = "iPhone Developer";
				COPY_PHASE_STRIP = NO;
				DEBUG_INFORMATION_FORMAT = dwarf;
				ENABLE_STRICT_OBJC_MSGSEND = YES;
				ENABLE_TESTABILITY = YES;
				GCC_C_LANGUAGE_STANDARD = gnu99;
				GCC_DYNAMIC_NO_PIC = NO;
				GCC_NO_COMMON_BLOCKS = YES;
				GCC_OPTIMIZATION_LEVEL = 0;
				GCC_PREPROCESSOR_DEFINITIONS = (
					"DEBUG=1",
					"$(inherited)",
				);
				GCC_WARN_64_TO_32_BIT_CONVERSION = YES;
				GCC_WARN_ABOUT_RETURN_TYPE = YES_ERROR;
				GCC_WARN_UNDECLARED_SELECTOR = YES;
				GCC_WARN_UNINITIALIZED_AUTOS = YES_AGGRESSIVE;
				GCC_WARN_UNUSED_FUNCTION = YES;
				GCC_WARN_UNUSED_VARIABLE = YES;
				IPHONEOS_DEPLOYMENT_TARGET = 9.3;
				MTL_ENABLE_DEBUG_INFO = YES;
				ONLY_ACTIVE_ARCH = YES;
				SDKROOT = iphoneos;
				SWIFT_OPTIMIZATION_LEVEL = "-Onone";
				TARGETED_DEVICE_FAMILY = "1,2";
			};
			name = Debug;
		};
		0078200A1CB4C9E200388FC0 /* Release */ = {
			isa = XCBuildConfiguration;
			buildSettings = {
				ALWAYS_SEARCH_USER_PATHS = NO;
				CLANG_ANALYZER_NONNULL = YES;
				CLANG_CXX_LANGUAGE_STANDARD = "gnu++0x";
				CLANG_CXX_LIBRARY = "libc++";
				CLANG_ENABLE_MODULES = YES;
				CLANG_ENABLE_OBJC_ARC = YES;
				CLANG_WARN_BOOL_CONVERSION = YES;
				CLANG_WARN_CONSTANT_CONVERSION = YES;
				CLANG_WARN_DIRECT_OBJC_ISA_USAGE = YES_ERROR;
				CLANG_WARN_EMPTY_BODY = YES;
				CLANG_WARN_ENUM_CONVERSION = YES;
				CLANG_WARN_INT_CONVERSION = YES;
				CLANG_WARN_OBJC_ROOT_CLASS = YES_ERROR;
				CLANG_WARN_UNREACHABLE_CODE = YES;
				CLANG_WARN__DUPLICATE_METHOD_MATCH = YES;
				"CODE_SIGN_IDENTITY[sdk=iphoneos*]" = "iPhone Developer";
				COPY_PHASE_STRIP = NO;
				DEBUG_INFORMATION_FORMAT = "dwarf-with-dsym";
				ENABLE_NS_ASSERTIONS = NO;
				ENABLE_STRICT_OBJC_MSGSEND = YES;
				GCC_C_LANGUAGE_STANDARD = gnu99;
				GCC_NO_COMMON_BLOCKS = YES;
				GCC_WARN_64_TO_32_BIT_CONVERSION = YES;
				GCC_WARN_ABOUT_RETURN_TYPE = YES_ERROR;
				GCC_WARN_UNDECLARED_SELECTOR = YES;
				GCC_WARN_UNINITIALIZED_AUTOS = YES_AGGRESSIVE;
				GCC_WARN_UNUSED_FUNCTION = YES;
				GCC_WARN_UNUSED_VARIABLE = YES;
				IPHONEOS_DEPLOYMENT_TARGET = 9.3;
				MTL_ENABLE_DEBUG_INFO = NO;
				SDKROOT = iphoneos;
				TARGETED_DEVICE_FAMILY = "1,2";
				VALIDATE_PRODUCT = YES;
			};
			name = Release;
		};
		0078200C1CB4C9E200388FC0 /* Debug */ = {
			isa = XCBuildConfiguration;
			buildSettings = {
				ASSETCATALOG_COMPILER_APPICON_NAME = AppIcon;
				INFOPLIST_FILE = "10.9.0 App with News, Chat, Cart and User/Info.plist";
				LD_RUNPATH_SEARCH_PATHS = "$(inherited) @executable_path/Frameworks";
				PRODUCT_BUNDLE_IDENTIFIER = "com.luexu.-0-9-0-App-with-News--Chat--Cart-and-User";
				PRODUCT_NAME = "$(TARGET_NAME)";
			};
			name = Debug;
		};
		0078200D1CB4C9E200388FC0 /* Release */ = {
			isa = XCBuildConfiguration;
			buildSettings = {
				ASSETCATALOG_COMPILER_APPICON_NAME = AppIcon;
				INFOPLIST_FILE = "10.9.0 App with News, Chat, Cart and User/Info.plist";
				LD_RUNPATH_SEARCH_PATHS = "$(inherited) @executable_path/Frameworks";
				PRODUCT_BUNDLE_IDENTIFIER = "com.luexu.-0-9-0-App-with-News--Chat--Cart-and-User";
				PRODUCT_NAME = "$(TARGET_NAME)";
			};
			name = Release;
		};
		0078200F1CB4C9E200388FC0 /* Debug */ = {
			isa = XCBuildConfiguration;
			buildSettings = {
				BUNDLE_LOADER = "$(TEST_HOST)";
				INFOPLIST_FILE = "10.9.0 App with News, Chat, Cart and UserTests/Info.plist";
				LD_RUNPATH_SEARCH_PATHS = "$(inherited) @executable_path/Frameworks @loader_path/Frameworks";
				PRODUCT_BUNDLE_IDENTIFIER = "com.luexu.-0-9-0-App-with-News--Chat--Cart-and-UserTests";
				PRODUCT_NAME = "$(TARGET_NAME)";
				TEST_HOST = "$(BUILT_PRODUCTS_DIR)/10.9.0 App with News, Chat, Cart and User.app/10.9.0 App with News, Chat, Cart and User";
			};
			name = Debug;
		};
		007820101CB4C9E200388FC0 /* Release */ = {
			isa = XCBuildConfiguration;
			buildSettings = {
				BUNDLE_LOADER = "$(TEST_HOST)";
				INFOPLIST_FILE = "10.9.0 App with News, Chat, Cart and UserTests/Info.plist";
				LD_RUNPATH_SEARCH_PATHS = "$(inherited) @executable_path/Frameworks @loader_path/Frameworks";
				PRODUCT_BUNDLE_IDENTIFIER = "com.luexu.-0-9-0-App-with-News--Chat--Cart-and-UserTests";
				PRODUCT_NAME = "$(TARGET_NAME)";
				TEST_HOST = "$(BUILT_PRODUCTS_DIR)/10.9.0 App with News, Chat, Cart and User.app/10.9.0 App with News, Chat, Cart and User";
			};
			name = Release;
		};
		007820121CB4C9E200388FC0 /* Debug */ = {
			isa = XCBuildConfiguration;
			buildSettings = {
				INFOPLIST_FILE = "10.9.0 App with News, Chat, Cart and UserUITests/Info.plist";
				LD_RUNPATH_SEARCH_PATHS = "$(inherited) @executable_path/Frameworks @loader_path/Frameworks";
				PRODUCT_BUNDLE_IDENTIFIER = "com.luexu.-0-9-0-App-with-News--Chat--Cart-and-UserUITests";
				PRODUCT_NAME = "$(TARGET_NAME)";
				TEST_TARGET_NAME = "10.9.0 App with News, Chat, Cart and User";
			};
			name = Debug;
		};
		007820131CB4C9E200388FC0 /* Release */ = {
			isa = XCBuildConfiguration;
			buildSettings = {
				INFOPLIST_FILE = "10.9.0 App with News, Chat, Cart and UserUITests/Info.plist";
				LD_RUNPATH_SEARCH_PATHS = "$(inherited) @executable_path/Frameworks @loader_path/Frameworks";
				PRODUCT_BUNDLE_IDENTIFIER = "com.luexu.-0-9-0-App-with-News--Chat--Cart-and-UserUITests";
				PRODUCT_NAME = "$(TARGET_NAME)";
				TEST_TARGET_NAME = "10.9.0 App with News, Chat, Cart and User";
			};
			name = Release;
		};
/* End XCBuildConfiguration section */

/* Begin XCConfigurationList section */
		00781FDB1CB4C9E200388FC0 /* Build configuration list for PBXProject "10.9.0 App with News, Chat, Cart and User" */ = {
			isa = XCConfigurationList;
			buildConfigurations = (
				007820091CB4C9E200388FC0 /* Debug */,
				0078200A1CB4C9E200388FC0 /* Release */,
			);
			defaultConfigurationIsVisible = 0;
			defaultConfigurationName = Release;
		};
		0078200B1CB4C9E200388FC0 /* Build configuration list for PBXNativeTarget "10.9.0 App with News, Chat, Cart and User" */ = {
			isa = XCConfigurationList;
			buildConfigurations = (
				0078200C1CB4C9E200388FC0 /* Debug */,
				0078200D1CB4C9E200388FC0 /* Release */,
			);
			defaultConfigurationIsVisible = 0;
			defaultConfigurationName = Release;
		};
		0078200E1CB4C9E200388FC0 /* Build configuration list for PBXNativeTarget "10.9.0 App with News, Chat, Cart and UserTests" */ = {
			isa = XCConfigurationList;
			buildConfigurations = (
				0078200F1CB4C9E200388FC0 /* Debug */,
				007820101CB4C9E200388FC0 /* Release */,
			);
			defaultConfigurationIsVisible = 0;
			defaultConfigurationName = Release;
		};
		007820111CB4C9E200388FC0 /* Build configuration list for PBXNativeTarget "10.9.0 App with News, Chat, Cart and UserUITests" */ = {
			isa = XCConfigurationList;
			buildConfigurations = (
				007820121CB4C9E200388FC0 /* Debug */,
				007820131CB4C9E200388FC0 /* Release */,
			);
			defaultConfigurationIsVisible = 0;
			defaultConfigurationName = Release;
		};
/* End XCConfigurationList section */

/* Begin XCVersionGroup section */
		00781FEA1CB4C9E200388FC0 /* _0_9_0_App_with_News__Chat__Cart_and_User.xcdatamodeld */ = {
			isa = XCVersionGroup;
			children = (
				00781FEB1CB4C9E200388FC0 /* _0_9_0_App_with_News__Chat__Cart_and_User.xcdatamodel */,
			);
			currentVersion = 00781FEB1CB4C9E200388FC0 /* _0_9_0_App_with_News__Chat__Cart_and_User.xcdatamodel */;
			path = _0_9_0_App_with_News__Chat__Cart_and_User.xcdatamodeld;
			sourceTree = "<group>";
			versionGroupType = wrapper.xcdatamodel;
		};
/* End XCVersionGroup section */
	};
	rootObject = 00781FD81CB4C9E200388FC0 /* Project object */;
}
