PODS:
  - Alamofire (3.3.0)
  - AlamofireImage (2.3.1):
    - Alamofire (~> 3.2)
  - Gifu (1.0.1)
  - HanekeSwift (0.10.1)
  - OAuthSwift (0.5.1)
  - SwiftyJSON (2.3.2)

DEPENDENCIES:
  - Alamofire
  - AlamofireImage
  - Gifu
  - HanekeSwift
  - OAuthSwift
  - SwiftyJSON

SPEC CHECKSUMS:
  Alamofire: 9054db4a1b1ca9e363223183e01cea380159a27c
  AlamofireImage: e52336282757bbe1644f075d6cb85f19c891f939
  Gifu: bf7a99fe9f20a1dc18c3cb4289aebc922a2ad419
  HanekeSwift: 08e47d3d0f2899ec58e5d257beba0de619aca9e8
  OAuthSwift: d63f7f329f49787319a7e35974c18b10865fe636
  SwiftyJSON: 04ccea08915aa0109039157c7974cf0298da292a

COCOAPODS: 0.39.0
