// !$*UTF8*$!
{
	archiveVersion = 1;
	classes = {
	};
	objectVersion = 46;
	objects = {

/* Begin PBXBuildFile section */
		00FA8CCB1C8B25DB000552E2 /* AppDelegate.swift in Sources */ = {isa = PBXBuildFile; fileRef = 00FA8CCA1C8B25DB000552E2 /* AppDelegate.swift */; };
		00FA8CCD1C8B25DB000552E2 /* ViewController.swift in Sources */ = {isa = PBXBuildFile; fileRef = 00FA8CCC1C8B25DB000552E2 /* ViewController.swift */; };
		00FA8CD01C8B25DB000552E2 /* Main.storyboard in Resources */ = {isa = PBXBuildFile; fileRef = 00FA8CCE1C8B25DB000552E2 /* Main.storyboard */; };
		00FA8CD51C8B25DB000552E2 /* LaunchScreen.storyboard in Resources */ = {isa = PBXBuildFile; fileRef = 00FA8CD31C8B25DB000552E2 /* LaunchScreen.storyboard */; };
		00FA8CE01C8B25DB000552E2 /* __1_0_Taking_photo_with_cameraTests.swift in Sources */ = {isa = PBXBuildFile; fileRef = 00FA8CDF1C8B25DB000552E2 /* __1_0_Taking_photo_with_cameraTests.swift */; };
		00FA8CEB1C8B25DB000552E2 /* __1_0_Taking_photo_with_cameraUITests.swift in Sources */ = {isa = PBXBuildFile; fileRef = 00FA8CEA1C8B25DB000552E2 /* __1_0_Taking_photo_with_cameraUITests.swift */; };
		00FA8CFB1C8B357C000552E2 /* Assets.xcassets in Resources */ = {isa = PBXBuildFile; fileRef = 00FA8CFA1C8B357C000552E2 /* Assets.xcassets */; };
/* End PBXBuildFile section */

/* Begin PBXContainerItemProxy section */
		00FA8CDC1C8B25DB000552E2 /* PBXContainerItemProxy */ = {
			isa = PBXContainerItemProxy;
			containerPortal = 00FA8CBF1C8B25DB000552E2 /* Project object */;
			proxyType = 1;
			remoteGlobalIDString = 00FA8CC61C8B25DB000552E2;
			remoteInfo = "9.1.0 Taking photo with camera";
		};
		00FA8CE71C8B25DB000552E2 /* PBXContainerItemProxy */ = {
			isa = PBXContainerItemProxy;
			containerPortal = 00FA8CBF1C8B25DB000552E2 /* Project object */;
			proxyType = 1;
			remoteGlobalIDString = 00FA8CC61C8B25DB000552E2;
			remoteInfo = "9.1.0 Taking photo with camera";
		};
/* End PBXContainerItemProxy section */

/* Begin PBXFileReference section */
		00FA8CC71C8B25DB000552E2 /* 9.1.0 Taking photo with camera.app */ = {isa = PBXFileReference; explicitFileType = wrapper.application; includeInIndex = 0; path = "9.1.0 Taking photo with camera.app"; sourceTree = BUILT_PRODUCTS_DIR; };
		00FA8CCA1C8B25DB000552E2 /* AppDelegate.swift */ = {isa = PBXFileReference; lastKnownFileType = sourcecode.swift; path = AppDelegate.swift; sourceTree = "<group>"; };
		00FA8CCC1C8B25DB000552E2 /* ViewController.swift */ = {isa = PBXFileReference; lastKnownFileType = sourcecode.swift; path = ViewController.swift; sourceTree = "<group>"; };
		00FA8CCF1C8B25DB000552E2 /* Base */ = {isa = PBXFileReference; lastKnownFileType = file.storyboard; name = Base; path = Base.lproj/Main.storyboard; sourceTree = "<group>"; };
		00FA8CD41C8B25DB000552E2 /* Base */ = {isa = PBXFileReference; lastKnownFileType = file.storyboard; name = Base; path = Base.lproj/LaunchScreen.storyboard; sourceTree = "<group>"; };
		00FA8CD61C8B25DB000552E2 /* Info.plist */ = {isa = PBXFileReference; lastKnownFileType = text.plist.xml; path = Info.plist; sourceTree = "<group>"; };
		00FA8CDB1C8B25DB000552E2 /* 9.1.0 Taking photo with cameraTests.xctest */ = {isa = PBXFileReference; explicitFileType = wrapper.cfbundle; includeInIndex = 0; path = "9.1.0 Taking photo with cameraTests.xctest"; sourceTree = BUILT_PRODUCTS_DIR; };
		00FA8CDF1C8B25DB000552E2 /* __1_0_Taking_photo_with_cameraTests.swift */ = {isa = PBXFileReference; lastKnownFileType = sourcecode.swift; path = __1_0_Taking_photo_with_cameraTests.swift; sourceTree = "<group>"; };
		00FA8CE11C8B25DB000552E2 /* Info.plist */ = {isa = PBXFileReference; lastKnownFileType = text.plist.xml; path = Info.plist; sourceTree = "<group>"; };
		00FA8CE61C8B25DB000552E2 /* 9.1.0 Taking photo with cameraUITests.xctest */ = {isa = PBXFileReference; explicitFileType = wrapper.cfbundle; includeInIndex = 0; path = "9.1.0 Taking photo with cameraUITests.xctest"; sourceTree = BUILT_PRODUCTS_DIR; };
		00FA8CEA1C8B25DB000552E2 /* __1_0_Taking_photo_with_cameraUITests.swift */ = {isa = PBXFileReference; lastKnownFileType = sourcecode.swift; path = __1_0_Taking_photo_with_cameraUITests.swift; sourceTree = "<group>"; };
		00FA8CEC1C8B25DB000552E2 /* Info.plist */ = {isa = PBXFileReference; lastKnownFileType = text.plist.xml; path = Info.plist; sourceTree = "<group>"; };
		00FA8CFA1C8B357C000552E2 /* Assets.xcassets */ = {isa = PBXFileReference; lastKnownFileType = folder.assetcatalog; path = Assets.xcassets; sourceTree = "<group>"; };
/* End PBXFileReference section */

/* Begin PBXFrameworksBuildPhase section */
		00FA8CC41C8B25DB000552E2 /* Frameworks */ = {
			isa = PBXFrameworksBuildPhase;
			buildActionMask = 2147483647;
			files = (
			);
			runOnlyForDeploymentPostprocessing = 0;
		};
		00FA8CD81C8B25DB000552E2 /* Frameworks */ = {
			isa = PBXFrameworksBuildPhase;
			buildActionMask = 2147483647;
			files = (
			);
			runOnlyForDeploymentPostprocessing = 0;
		};
		00FA8CE31C8B25DB000552E2 /* Frameworks */ = {
			isa = PBXFrameworksBuildPhase;
			buildActionMask = 2147483647;
			files = (
			);
			runOnlyForDeploymentPostprocessing = 0;
		};
/* End PBXFrameworksBuildPhase section */

/* Begin PBXGroup section */
		00FA8CBE1C8B25DB000552E2 = {
			isa = PBXGroup;
			children = (
				00FA8CC91C8B25DB000552E2 /* 9.1.0 Taking photo with camera */,
				00FA8CDE1C8B25DB000552E2 /* 9.1.0 Taking photo with cameraTests */,
				00FA8CE91C8B25DB000552E2 /* 9.1.0 Taking photo with cameraUITests */,
				00FA8CC81C8B25DB000552E2 /* Products */,
			);
			sourceTree = "<group>";
		};
		00FA8CC81C8B25DB000552E2 /* Products */ = {
			isa = PBXGroup;
			children = (
				00FA8CC71C8B25DB000552E2 /* 9.1.0 Taking photo with camera.app */,
				00FA8CDB1C8B25DB000552E2 /* 9.1.0 Taking photo with cameraTests.xctest */,
				00FA8CE61C8B25DB000552E2 /* 9.1.0 Taking photo with cameraUITests.xctest */,
			);
			name = Products;
			sourceTree = "<group>";
		};
		00FA8CC91C8B25DB000552E2 /* 9.1.0 Taking photo with camera */ = {
			isa = PBXGroup;
			children = (
				00FA8CFA1C8B357C000552E2 /* Assets.xcassets */,
				00FA8CCA1C8B25DB000552E2 /* AppDelegate.swift */,
				00FA8CCC1C8B25DB000552E2 /* ViewController.swift */,
				00FA8CCE1C8B25DB000552E2 /* Main.storyboard */,
				00FA8CD31C8B25DB000552E2 /* LaunchScreen.storyboard */,
				00FA8CD61C8B25DB000552E2 /* Info.plist */,
			);
			path = "9.1.0 Taking photo with camera";
			sourceTree = "<group>";
		};
		00FA8CDE1C8B25DB000552E2 /* 9.1.0 Taking photo with cameraTests */ = {
			isa = PBXGroup;
			children = (
				00FA8CDF1C8B25DB000552E2 /* __1_0_Taking_photo_with_cameraTests.swift */,
				00FA8CE11C8B25DB000552E2 /* Info.plist */,
			);
			path = "9.1.0 Taking photo with cameraTests";
			sourceTree = "<group>";
		};
		00FA8CE91C8B25DB000552E2 /* 9.1.0 Taking photo with cameraUITests */ = {
			isa = PBXGroup;
			children = (
				00FA8CEA1C8B25DB000552E2 /* __1_0_Taking_photo_with_cameraUITests.swift */,
				00FA8CEC1C8B25DB000552E2 /* Info.plist */,
			);
			path = "9.1.0 Taking photo with cameraUITests";
			sourceTree = "<group>";
		};
/* End PBXGroup section */

/* Begin PBXNativeTarget section */
		00FA8CC61C8B25DB000552E2 /* 9.1.0 Taking photo with camera */ = {
			isa = PBXNativeTarget;
			buildConfigurationList = 00FA8CEF1C8B25DB000552E2 /* Build configuration list for PBXNativeTarget "9.1.0 Taking photo with camera" */;
			buildPhases = (
				00FA8CC31C8B25DB000552E2 /* Sources */,
				00FA8CC41C8B25DB000552E2 /* Frameworks */,
				00FA8CC51C8B25DB000552E2 /* Resources */,
			);
			buildRules = (
			);
			dependencies = (
			);
			name = "9.1.0 Taking photo with camera";
			productName = "9.1.0 Taking photo with camera";
			productReference = 00FA8CC71C8B25DB000552E2 /* 9.1.0 Taking photo with camera.app */;
			productType = "com.apple.product-type.application";
		};
		00FA8CDA1C8B25DB000552E2 /* 9.1.0 Taking photo with cameraTests */ = {
			isa = PBXNativeTarget;
			buildConfigurationList = 00FA8CF21C8B25DB000552E2 /* Build configuration list for PBXNativeTarget "9.1.0 Taking photo with cameraTests" */;
			buildPhases = (
				00FA8CD71C8B25DB000552E2 /* Sources */,
				00FA8CD81C8B25DB000552E2 /* Frameworks */,
				00FA8CD91C8B25DB000552E2 /* Resources */,
			);
			buildRules = (
			);
			dependencies = (
				00FA8CDD1C8B25DB000552E2 /* PBXTargetDependency */,
			);
			name = "9.1.0 Taking photo with cameraTests";
			productName = "9.1.0 Taking photo with cameraTests";
			productReference = 00FA8CDB1C8B25DB000552E2 /* 9.1.0 Taking photo with cameraTests.xctest */;
			productType = "com.apple.product-type.bundle.unit-test";
		};
		00FA8CE51C8B25DB000552E2 /* 9.1.0 Taking photo with cameraUITests */ = {
			isa = PBXNativeTarget;
			buildConfigurationList = 00FA8CF51C8B25DB000552E2 /* Build configuration list for PBXNativeTarget "9.1.0 Taking photo with cameraUITests" */;
			buildPhases = (
				00FA8CE21C8B25DB000552E2 /* Sources */,
				00FA8CE31C8B25DB000552E2 /* Frameworks */,
				00FA8CE41C8B25DB000552E2 /* Resources */,
			);
			buildRules = (
			);
			dependencies = (
				00FA8CE81C8B25DB000552E2 /* PBXTargetDependency */,
			);
			name = "9.1.0 Taking photo with cameraUITests";
			productName = "9.1.0 Taking photo with cameraUITests";
			productReference = 00FA8CE61C8B25DB000552E2 /* 9.1.0 Taking photo with cameraUITests.xctest */;
			productType = "com.apple.product-type.bundle.ui-testing";
		};
/* End PBXNativeTarget section */

/* Begin PBXProject section */
		00FA8CBF1C8B25DB000552E2 /* Project object */ = {
			isa = PBXProject;
			attributes = {
				LastSwiftUpdateCheck = 0720;
				LastUpgradeCheck = 0720;
				ORGANIZATIONNAME = Aario;
				TargetAttributes = {
					00FA8CC61C8B25DB000552E2 = {
						CreatedOnToolsVersion = 7.2.1;
						DevelopmentTeam = KVG29SQ92N;
					};
					00FA8CDA1C8B25DB000552E2 = {
						CreatedOnToolsVersion = 7.2.1;
						DevelopmentTeam = KVG29SQ92N;
						TestTargetID = 00FA8CC61C8B25DB000552E2;
					};
					00FA8CE51C8B25DB000552E2 = {
						CreatedOnToolsVersion = 7.2.1;
						DevelopmentTeam = KVG29SQ92N;
						TestTargetID = 00FA8CC61C8B25DB000552E2;
					};
				};
			};
			buildConfigurationList = 00FA8CC21C8B25DB000552E2 /* Build configuration list for PBXProject "9.1.0 Taking photo with camera" */;
			compatibilityVersion = "Xcode 3.2";
			developmentRegion = English;
			hasScannedForEncodings = 0;
			knownRegions = (
				en,
				Base,
			);
			mainGroup = 00FA8CBE1C8B25DB000552E2;
			productRefGroup = 00FA8CC81C8B25DB000552E2 /* Products */;
			projectDirPath = "";
			projectRoot = "";
			targets = (
				00FA8CC61C8B25DB000552E2 /* 9.1.0 Taking photo with camera */,
				00FA8CDA1C8B25DB000552E2 /* 9.1.0 Taking photo with cameraTests */,
				00FA8CE51C8B25DB000552E2 /* 9.1.0 Taking photo with cameraUITests */,
			);
		};
/* End PBXProject section */

/* Begin PBXResourcesBuildPhase section */
		00FA8CC51C8B25DB000552E2 /* Resources */ = {
			isa = PBXResourcesBuildPhase;
			buildActionMask = 2147483647;
			files = (
				00FA8CD51C8B25DB000552E2 /* LaunchScreen.storyboard in Resources */,
				00FA8CFB1C8B357C000552E2 /* Assets.xcassets in Resources */,
				00FA8CD01C8B25DB000552E2 /* Main.storyboard in Resources */,
			);
			runOnlyForDeploymentPostprocessing = 0;
		};
		00FA8CD91C8B25DB000552E2 /* Resources */ = {
			isa = PBXResourcesBuildPhase;
			buildActionMask = 2147483647;
			files = (
			);
			runOnlyForDeploymentPostprocessing = 0;
		};
		00FA8CE41C8B25DB000552E2 /* Resources */ = {
			isa = PBXResourcesBuildPhase;
			buildActionMask = 2147483647;
			files = (
			);
			runOnlyForDeploymentPostprocessing = 0;
		};
/* End PBXResourcesBuildPhase section */

/* Begin PBXSourcesBuildPhase section */
		00FA8CC31C8B25DB000552E2 /* Sources */ = {
			isa = PBXSourcesBuildPhase;
			buildActionMask = 2147483647;
			files = (
				00FA8CCD1C8B25DB000552E2 /* ViewController.swift in Sources */,
				00FA8CCB1C8B25DB000552E2 /* AppDelegate.swift in Sources */,
			);
			runOnlyForDeploymentPostprocessing = 0;
		};
		00FA8CD71C8B25DB000552E2 /* Sources */ = {
			isa = PBXSourcesBuildPhase;
			buildActionMask = 2147483647;
			files = (
				00FA8CE01C8B25DB000552E2 /* __1_0_Taking_photo_with_cameraTests.swift in Sources */,
			);
			runOnlyForDeploymentPostprocessing = 0;
		};
		00FA8CE21C8B25DB000552E2 /* Sources */ = {
			isa = PBXSourcesBuildPhase;
			buildActionMask = 2147483647;
			files = (
				00FA8CEB1C8B25DB000552E2 /* __1_0_Taking_photo_with_cameraUITests.swift in Sources */,
			);
			runOnlyForDeploymentPostprocessing = 0;
		};
/* End PBXSourcesBuildPhase section */

/* Begin PBXTargetDependency section */
		00FA8CDD1C8B25DB000552E2 /* PBXTargetDependency */ = {
			isa = PBXTargetDependency;
			target = 00FA8CC61C8B25DB000552E2 /* 9.1.0 Taking photo with camera */;
			targetProxy = 00FA8CDC1C8B25DB000552E2 /* PBXContainerItemProxy */;
		};
		00FA8CE81C8B25DB000552E2 /* PBXTargetDependency */ = {
			isa = PBXTargetDependency;
			target = 00FA8CC61C8B25DB000552E2 /* 9.1.0 Taking photo with camera */;
			targetProxy = 00FA8CE71C8B25DB000552E2 /* PBXContainerItemProxy */;
		};
/* End PBXTargetDependency section */

/* Begin PBXVariantGroup section */
		00FA8CCE1C8B25DB000552E2 /* Main.storyboard */ = {
			isa = PBXVariantGroup;
			children = (
				00FA8CCF1C8B25DB000552E2 /* Base */,
			);
			name = Main.storyboard;
			sourceTree = "<group>";
		};
		00FA8CD31C8B25DB000552E2 /* LaunchScreen.storyboard */ = {
			isa = PBXVariantGroup;
			children = (
				00FA8CD41C8B25DB000552E2 /* Base */,
			);
			name = LaunchScreen.storyboard;
			sourceTree = "<group>";
		};
/* End PBXVariantGroup section */

/* Begin XCBuildConfiguration section */
		00FA8CED1C8B25DB000552E2 /* Debug */ = {
			isa = XCBuildConfiguration;
			buildSettings = {
				ALWAYS_SEARCH_USER_PATHS = NO;
				CLANG_CXX_LANGUAGE_STANDARD = "gnu++0x";
				CLANG_CXX_LIBRARY = "libc++";
				CLANG_ENABLE_MODULES = YES;
				CLANG_ENABLE_OBJC_ARC = YES;
				CLANG_WARN_BOOL_CONVERSION = YES;
				CLANG_WARN_CONSTANT_CONVERSION = YES;
				CLANG_WARN_DIRECT_OBJC_ISA_USAGE = YES_ERROR;
				CLANG_WARN_EMPTY_BODY = YES;
				CLANG_WARN_ENUM_CONVERSION = YES;
				CLANG_WARN_INT_CONVERSION = YES;
				CLANG_WARN_OBJC_ROOT_CLASS = YES_ERROR;
				CLANG_WARN_UNREACHABLE_CODE = YES;
				CLANG_WARN__DUPLICATE_METHOD_MATCH = YES;
				"CODE_SIGN_IDENTITY[sdk=iphoneos*]" = "iPhone Developer";
				COPY_PHASE_STRIP = NO;
				DEBUG_INFORMATION_FORMAT = dwarf;
				ENABLE_STRICT_OBJC_MSGSEND = YES;
				ENABLE_TESTABILITY = YES;
				GCC_C_LANGUAGE_STANDARD = gnu99;
				GCC_DYNAMIC_NO_PIC = NO;
				GCC_NO_COMMON_BLOCKS = YES;
				GCC_OPTIMIZATION_LEVEL = 0;
				GCC_PREPROCESSOR_DEFINITIONS = (
					"DEBUG=1",
					"$(inherited)",
				);
				GCC_WARN_64_TO_32_BIT_CONVERSION = YES;
				GCC_WARN_ABOUT_RETURN_TYPE = YES_ERROR;
				GCC_WARN_UNDECLARED_SELECTOR = YES;
				GCC_WARN_UNINITIALIZED_AUTOS = YES_AGGRESSIVE;
				GCC_WARN_UNUSED_FUNCTION = YES;
				GCC_WARN_UNUSED_VARIABLE = YES;
				IPHONEOS_DEPLOYMENT_TARGET = 9.2;
				MTL_ENABLE_DEBUG_INFO = YES;
				ONLY_ACTIVE_ARCH = YES;
				SDKROOT = iphoneos;
				SWIFT_OPTIMIZATION_LEVEL = "-Onone";
				TARGETED_DEVICE_FAMILY = "1,2";
			};
			name = Debug;
		};
		00FA8CEE1C8B25DB000552E2 /* Release */ = {
			isa = XCBuildConfiguration;
			buildSettings = {
				ALWAYS_SEARCH_USER_PATHS = NO;
				CLANG_CXX_LANGUAGE_STANDARD = "gnu++0x";
				CLANG_CXX_LIBRARY = "libc++";
				CLANG_ENABLE_MODULES = YES;
				CLANG_ENABLE_OBJC_ARC = YES;
				CLANG_WARN_BOOL_CONVERSION = YES;
				CLANG_WARN_CONSTANT_CONVERSION = YES;
				CLANG_WARN_DIRECT_OBJC_ISA_USAGE = YES_ERROR;
				CLANG_WARN_EMPTY_BODY = YES;
				CLANG_WARN_ENUM_CONVERSION = YES;
				CLANG_WARN_INT_CONVERSION = YES;
				CLANG_WARN_OBJC_ROOT_CLASS = YES_ERROR;
				CLANG_WARN_UNREACHABLE_CODE = YES;
				CLANG_WARN__DUPLICATE_METHOD_MATCH = YES;
				"CODE_SIGN_IDENTITY[sdk=iphoneos*]" = "iPhone Developer";
				COPY_PHASE_STRIP = NO;
				DEBUG_INFORMATION_FORMAT = "dwarf-with-dsym";
				ENABLE_NS_ASSERTIONS = NO;
				ENABLE_STRICT_OBJC_MSGSEND = YES;
				GCC_C_LANGUAGE_STANDARD = gnu99;
				GCC_NO_COMMON_BLOCKS = YES;
				GCC_WARN_64_TO_32_BIT_CONVERSION = YES;
				GCC_WARN_ABOUT_RETURN_TYPE = YES_ERROR;
				GCC_WARN_UNDECLARED_SELECTOR = YES;
				GCC_WARN_UNINITIALIZED_AUTOS = YES_AGGRESSIVE;
				GCC_WARN_UNUSED_FUNCTION = YES;
				GCC_WARN_UNUSED_VARIABLE = YES;
				IPHONEOS_DEPLOYMENT_TARGET = 9.2;
				MTL_ENABLE_DEBUG_INFO = NO;
				SDKROOT = iphoneos;
				TARGETED_DEVICE_FAMILY = "1,2";
				VALIDATE_PRODUCT = YES;
			};
			name = Release;
		};
		00FA8CF01C8B25DB000552E2 /* Debug */ = {
			isa = XCBuildConfiguration;
			buildSettings = {
				ASSETCATALOG_COMPILER_APPICON_NAME = AppIcon;
				INFOPLIST_FILE = "9.1.0 Taking photo with camera/Info.plist";
				LD_RUNPATH_SEARCH_PATHS = "$(inherited) @executable_path/Frameworks";
				PRODUCT_BUNDLE_IDENTIFIER = "Aa.--1-0-Taking-photo-with-camera";
				PRODUCT_NAME = "$(TARGET_NAME)";
			};
			name = Debug;
		};
		00FA8CF11C8B25DB000552E2 /* Release */ = {
			isa = XCBuildConfiguration;
			buildSettings = {
				ASSETCATALOG_COMPILER_APPICON_NAME = AppIcon;
				INFOPLIST_FILE = "9.1.0 Taking photo with camera/Info.plist";
				LD_RUNPATH_SEARCH_PATHS = "$(inherited) @executable_path/Frameworks";
				PRODUCT_BUNDLE_IDENTIFIER = "Aa.--1-0-Taking-photo-with-camera";
				PRODUCT_NAME = "$(TARGET_NAME)";
			};
			name = Release;
		};
		00FA8CF31C8B25DB000552E2 /* Debug */ = {
			isa = XCBuildConfiguration;
			buildSettings = {
				BUNDLE_LOADER = "$(TEST_HOST)";
				INFOPLIST_FILE = "9.1.0 Taking photo with cameraTests/Info.plist";
				LD_RUNPATH_SEARCH_PATHS = "$(inherited) @executable_path/Frameworks @loader_path/Frameworks";
				PRODUCT_BUNDLE_IDENTIFIER = "Aa.--1-0-Taking-photo-with-cameraTests";
				PRODUCT_NAME = "$(TARGET_NAME)";
				TEST_HOST = "$(BUILT_PRODUCTS_DIR)/9.1.0 Taking photo with camera.app/9.1.0 Taking photo with camera";
			};
			name = Debug;
		};
		00FA8CF41C8B25DB000552E2 /* Release */ = {
			isa = XCBuildConfiguration;
			buildSettings = {
				BUNDLE_LOADER = "$(TEST_HOST)";
				INFOPLIST_FILE = "9.1.0 Taking photo with cameraTests/Info.plist";
				LD_RUNPATH_SEARCH_PATHS = "$(inherited) @executable_path/Frameworks @loader_path/Frameworks";
				PRODUCT_BUNDLE_IDENTIFIER = "Aa.--1-0-Taking-photo-with-cameraTests";
				PRODUCT_NAME = "$(TARGET_NAME)";
				TEST_HOST = "$(BUILT_PRODUCTS_DIR)/9.1.0 Taking photo with camera.app/9.1.0 Taking photo with camera";
			};
			name = Release;
		};
		00FA8CF61C8B25DB000552E2 /* Debug */ = {
			isa = XCBuildConfiguration;
			buildSettings = {
				INFOPLIST_FILE = "9.1.0 Taking photo with cameraUITests/Info.plist";
				LD_RUNPATH_SEARCH_PATHS = "$(inherited) @executable_path/Frameworks @loader_path/Frameworks";
				PRODUCT_BUNDLE_IDENTIFIER = "Aa.--1-0-Taking-photo-with-cameraUITests";
				PRODUCT_NAME = "$(TARGET_NAME)";
				TEST_TARGET_NAME = "9.1.0 Taking photo with camera";
				USES_XCTRUNNER = YES;
			};
			name = Debug;
		};
		00FA8CF71C8B25DB000552E2 /* Release */ = {
			isa = XCBuildConfiguration;
			buildSettings = {
				INFOPLIST_FILE = "9.1.0 Taking photo with cameraUITests/Info.plist";
				LD_RUNPATH_SEARCH_PATHS = "$(inherited) @executable_path/Frameworks @loader_path/Frameworks";
				PRODUCT_BUNDLE_IDENTIFIER = "Aa.--1-0-Taking-photo-with-cameraUITests";
				PRODUCT_NAME = "$(TARGET_NAME)";
				TEST_TARGET_NAME = "9.1.0 Taking photo with camera";
				USES_XCTRUNNER = YES;
			};
			name = Release;
		};
/* End XCBuildConfiguration section */

/* Begin XCConfigurationList section */
		00FA8CC21C8B25DB000552E2 /* Build configuration list for PBXProject "9.1.0 Taking photo with camera" */ = {
			isa = XCConfigurationList;
			buildConfigurations = (
				00FA8CED1C8B25DB000552E2 /* Debug */,
				00FA8CEE1C8B25DB000552E2 /* Release */,
			);
			defaultConfigurationIsVisible = 0;
			defaultConfigurationName = Release;
		};
		00FA8CEF1C8B25DB000552E2 /* Build configuration list for PBXNativeTarget "9.1.0 Taking photo with camera" */ = {
			isa = XCConfigurationList;
			buildConfigurations = (
				00FA8CF01C8B25DB000552E2 /* Debug */,
				00FA8CF11C8B25DB000552E2 /* Release */,
			);
			defaultConfigurationIsVisible = 0;
		};
		00FA8CF21C8B25DB000552E2 /* Build configuration list for PBXNativeTarget "9.1.0 Taking photo with cameraTests" */ = {
			isa = XCConfigurationList;
			buildConfigurations = (
				00FA8CF31C8B25DB000552E2 /* Debug */,
				00FA8CF41C8B25DB000552E2 /* Release */,
			);
			defaultConfigurationIsVisible = 0;
		};
		00FA8CF51C8B25DB000552E2 /* Build configuration list for PBXNativeTarget "9.1.0 Taking photo with cameraUITests" */ = {
			isa = XCConfigurationList;
			buildConfigurations = (
				00FA8CF61C8B25DB000552E2 /* Debug */,
				00FA8CF71C8B25DB000552E2 /* Release */,
			);
			defaultConfigurationIsVisible = 0;
		};
/* End XCConfigurationList section */
	};
	rootObject = 00FA8CBF1C8B25DB000552E2 /* Project object */;
}
